# This file was autogenerated by Stack.
# You should not edit this file by hand.
# For more information, please see the documentation at:
#   https://docs.haskellstack.org/en/stable/lock_files

packages:
- completed:
    hackage: composition-prelude-2.0.5.0@sha256:2e18aa0baa6ba527b086261f077a10c2786594879f6c0cbcb50464b9d69b1521,1149
    pantry-tree:
      size: 284
      sha256: c05343a0bfe62dd3e14ebf89e440cf5bc9148957f2596efcaf0c9553f235befc
  original:
    hackage: composition-prelude-2.0.5.0@sha256:2e18aa0baa6ba527b086261f077a10c2786594879f6c0cbcb50464b9d69b1521,1149
- completed:
    hackage: htoml-megaparsec-2.1.0.3@sha256:719228dc4243294127d5e6c451d70b58c6b437e1e8d25ec584a587574cca9e6e,3534
    pantry-tree:
      size: 10518
      sha256: 3834291e5e06ee1e1041c51fb111bd22ccae184c453c61b5600c193a4bb66f32
  original:
    hackage: htoml-megaparsec-2.1.0.3@sha256:719228dc4243294127d5e6c451d70b58c6b437e1e8d25ec584a587574cca9e6e,3534
- completed:
    hackage: tweet-hs-1.0.2.1@sha256:00b84d87807fca36434e7bc37d76c3703731c433338befe2d8aab03a9d8294a2,3029
    pantry-tree:
      size: 1006
      sha256: c19f3a90e1c387bea8a0edb7bc56c58904c09d8d5e870554af76c7ba3497ca5f
  original:
    hackage: tweet-hs-1.0.2.1@sha256:00b84d87807fca36434e7bc37d76c3703731c433338befe2d8aab03a9d8294a2,3029
snapshots:
- completed:
    size: 524799
    url: https://raw.githubusercontent.com/commercialhaskell/stackage-snapshots/master/lts/14/17.yaml
    sha256: 1d72b33c0fc048e23f4f18fd76a6ad79dd1d8a3c054644098a71a09855e40c7c
  original: lts-14.17
